
Microsoft Visual Studio Solution File, Format Version 12.00
# Visual Studio Version 16
VisualStudioVersion = 16.0.30517.126
MinimumVisualStudioVersion = 10.0.40219.1
Project("{9A19103F-16F7-4668-BE54-9A1E7A4F7556}") = "NWSocial", "NWSocial\NWSocial.csproj", "{631942B0-C1B5-480B-9BDE-DC205302ADEC}"
EndProject
Project("{FAE04EC0-301F-11D3-BF4B-00C04F79EFBC}") = "NWSocial.tests", "NWSocial.tests\NWSocial.tests.csproj", "{4520A110-267C-4CA7-9CF7-73A35BE8048B}"
EndProject
Global
	GlobalSection(SolutionConfigurationPlatforms) = preSolution
		Debug|Any CPU = Debug|Any CPU
		Release|Any CPU = Release|Any CPU
	EndGlobalSection
	GlobalSection(ProjectConfigurationPlatforms) = postSolution
		{631942B0-C1B5-480B-9BDE-DC205302ADEC}.Debug|Any CPU.ActiveCfg = Debug|Any CPU
		{631942B0-C1B5-480B-9BDE-DC205302ADEC}.Debug|Any CPU.Build.0 = Debug|Any CPU
		{631942B0-C1B5-480B-9BDE-DC205302ADEC}.Release|Any CPU.ActiveCfg = Release|Any CPU
		{631942B0-C1B5-480B-9BDE-DC205302ADEC}.Release|Any CPU.Build.0 = Release|Any CPU
		{4520A110-267C-4CA7-9CF7-73A35BE8048B}.Debug|Any CPU.ActiveCfg = Debug|Any CPU
		{4520A110-267C-4CA7-9CF7-73A35BE8048B}.Debug|Any CPU.Build.0 = Debug|Any CPU
		{4520A110-267C-4CA7-9CF7-73A35BE8048B}.Release|Any CPU.ActiveCfg = Release|Any CPU
		{4520A110-267C-4CA7-9CF7-73A35BE8048B}.Release|Any CPU.Build.0 = Release|Any CPU
	EndGlobalSection
	GlobalSection(SolutionProperties) = preSolution
		HideSolutionNode = FALSE
	EndGlobalSection
	GlobalSection(ExtensibilityGlobals) = postSolution
		SolutionGuid = {61B9422E-FD18-4205-AEDE-56B0B37FF3BE}
	EndGlobalSection
EndGlobal
